
Microsoft Visual Studio Solution File, Format Version 12.00
# Visual Studio 14
VisualStudioVersion = 14.0.25123.0
MinimumVisualStudioVersion = 10.0.40219.1
Project("{FAE04EC0-301F-11D3-BF4B-00C04F79EFBC}") = "StorageBenchmark", "StorageBenchmark\StorageBenchmark.csproj", "{E65E3169-C5D8-4215-908E-E7F5C9258927}"
EndProject
Project("{FAE04EC0-301F-11D3-BF4B-00C04F79EFBC}") = "QueueWriterConsole", "QueueWriterConsole\QueueWriterConsole.csproj", "{AC27954E-1FCB-48FE-A276-85FD57623595}"
EndProject
Project("{FAE04EC0-301F-11D3-BF4B-00C04F79EFBC}") = "QueueReaderConsole", "QueueReaderConsole\QueueReaderConsole.csproj", "{D44A0BB0-66C2-4CF0-AEFF-B8C3780E539F}"
EndProject
Project("{2150E333-8FDC-42A3-9474-1A3956D46DE8}") = "Write", "Write", "{6DECD4F7-A0B4-42AB-A58F-80282A38ACDF}"
EndProject
Project("{2150E333-8FDC-42A3-9474-1A3956D46DE8}") = "Readers", "Readers", "{B2817D06-7F81-424F-BA81-DD04C65E9DE8}"
EndProject
Project("{FAE04EC0-301F-11D3-BF4B-00C04F79EFBC}") = "WebJobMultiThreaded", "WebJobMultiThreaded\WebJobMultiThreaded.csproj", "{A48002DE-6E2F-4ADE-9023-A0EE07294263}"
EndProject
Project("{2150E333-8FDC-42A3-9474-1A3956D46DE8}") = "WebJobs", "WebJobs", "{2FEF5F31-0BC8-4392-80F7-E1DC9E0937BE}"
EndProject
Project("{2150E333-8FDC-42A3-9474-1A3956D46DE8}") = "AzureQueues", "AzureQueues", "{8C2F2AD7-6691-416F-B045-D6843E44B85F}"
EndProject
Global
	GlobalSection(SolutionConfigurationPlatforms) = preSolution
		Debug|Any CPU = Debug|Any CPU
		Release|Any CPU = Release|Any CPU
	EndGlobalSection
	GlobalSection(ProjectConfigurationPlatforms) = postSolution
		{E65E3169-C5D8-4215-908E-E7F5C9258927}.Debug|Any CPU.ActiveCfg = Debug|Any CPU
		{E65E3169-C5D8-4215-908E-E7F5C9258927}.Debug|Any CPU.Build.0 = Debug|Any CPU
		{E65E3169-C5D8-4215-908E-E7F5C9258927}.Release|Any CPU.ActiveCfg = Release|Any CPU
		{E65E3169-C5D8-4215-908E-E7F5C9258927}.Release|Any CPU.Build.0 = Release|Any CPU
		{AC27954E-1FCB-48FE-A276-85FD57623595}.Debug|Any CPU.ActiveCfg = Debug|Any CPU
		{AC27954E-1FCB-48FE-A276-85FD57623595}.Debug|Any CPU.Build.0 = Debug|Any CPU
		{AC27954E-1FCB-48FE-A276-85FD57623595}.Release|Any CPU.ActiveCfg = Release|Any CPU
		{AC27954E-1FCB-48FE-A276-85FD57623595}.Release|Any CPU.Build.0 = Release|Any CPU
		{D44A0BB0-66C2-4CF0-AEFF-B8C3780E539F}.Debug|Any CPU.ActiveCfg = Debug|Any CPU
		{D44A0BB0-66C2-4CF0-AEFF-B8C3780E539F}.Debug|Any CPU.Build.0 = Debug|Any CPU
		{D44A0BB0-66C2-4CF0-AEFF-B8C3780E539F}.Release|Any CPU.ActiveCfg = Release|Any CPU
		{D44A0BB0-66C2-4CF0-AEFF-B8C3780E539F}.Release|Any CPU.Build.0 = Release|Any CPU
		{A48002DE-6E2F-4ADE-9023-A0EE07294263}.Debug|Any CPU.ActiveCfg = Debug|Any CPU
		{A48002DE-6E2F-4ADE-9023-A0EE07294263}.Debug|Any CPU.Build.0 = Debug|Any CPU
		{A48002DE-6E2F-4ADE-9023-A0EE07294263}.Release|Any CPU.ActiveCfg = Release|Any CPU
		{A48002DE-6E2F-4ADE-9023-A0EE07294263}.Release|Any CPU.Build.0 = Release|Any CPU
	EndGlobalSection
	GlobalSection(SolutionProperties) = preSolution
		HideSolutionNode = FALSE
	EndGlobalSection
	GlobalSection(NestedProjects) = preSolution
		{E65E3169-C5D8-4215-908E-E7F5C9258927} = {8C2F2AD7-6691-416F-B045-D6843E44B85F}
		{AC27954E-1FCB-48FE-A276-85FD57623595} = {6DECD4F7-A0B4-42AB-A58F-80282A38ACDF}
		{D44A0BB0-66C2-4CF0-AEFF-B8C3780E539F} = {B2817D06-7F81-424F-BA81-DD04C65E9DE8}
		{6DECD4F7-A0B4-42AB-A58F-80282A38ACDF} = {8C2F2AD7-6691-416F-B045-D6843E44B85F}
		{B2817D06-7F81-424F-BA81-DD04C65E9DE8} = {8C2F2AD7-6691-416F-B045-D6843E44B85F}
		{A48002DE-6E2F-4ADE-9023-A0EE07294263} = {2FEF5F31-0BC8-4392-80F7-E1DC9E0937BE}
	EndGlobalSection
EndGlobal
